
Microsoft Visual Studio Solution File, Format Version 12.00
# Visual Studio Version 17
VisualStudioVersion = 17.11.35327.3
MinimumVisualStudioVersion = 10.0.40219.1
Project("{FAE04EC0-301F-11D3-BF4B-00C04F79EFBC}") = "StudentRecordsAPI", "StudentRecordsAPI\StudentRecordsAPI.csproj", "{5044995F-7EBA-4B10-A821-8CA4A5AC8DBF}"
EndProject
Global
	GlobalSection(SolutionConfigurationPlatforms) = preSolution
		Debug|Any CPU = Debug|Any CPU
		Release|Any CPU = Release|Any CPU
	EndGlobalSection
	GlobalSection(ProjectConfigurationPlatforms) = postSolution
		{5044995F-7EBA-4B10-A821-8CA4A5AC8DBF}.Debug|Any CPU.ActiveCfg = Debug|Any CPU
		{5044995F-7EBA-4B10-A821-8CA4A5AC8DBF}.Debug|Any CPU.Build.0 = Debug|Any CPU
		{5044995F-7EBA-4B10-A821-8CA4A5AC8DBF}.Release|Any CPU.ActiveCfg = Release|Any CPU
		{5044995F-7EBA-4B10-A821-8CA4A5AC8DBF}.Release|Any CPU.Build.0 = Release|Any CPU
	EndGlobalSection
	GlobalSection(SolutionProperties) = preSolution
		HideSolutionNode = FALSE
	EndGlobalSection
	GlobalSection(ExtensibilityGlobals) = postSolution
		SolutionGuid = {BDC284E4-28D9-4A16-A1B2-2A8529264A7B}
	EndGlobalSection
EndGlobal
